
Microsoft Visual Studio Solution File, Format Version 12.00
# Visual Studio Version 17
VisualStudioVersion = 17.0.31903.59
MinimumVisualStudioVersion = 10.0.40219.1
Project("{9A19103F-16F7-4668-BE54-9A1E7A4F7556}") = "AdminBlazor", "AdminBlazor\AdminBlazor.csproj", "{97D2371E-5866-426C-A0EB-AC8A8639CD26}"
EndProject
Project("{2150E333-8FDC-42A3-9474-1A3956D46DE8}") = "docs", "docs", "{6291529C-356D-40C5-8D17-7BBF0472B5D5}"
	ProjectSection(SolutionItems) = preProject
		readme.md = readme.md
	EndProjectSection
EndProject
Project("{9A19103F-16F7-4668-BE54-9A1E7A4F7556}") = "AdminBlazor.Template", "AdminBlazor.Template\AdminBlazor.Template.csproj", "{47999FD2-711D-48CB-A6F9-EF10EFEDC218}"
EndProject
Project("{9A19103F-16F7-4668-BE54-9A1E7A4F7556}") = "AdminBlazor.Test", "AdminBlazor.Test\AdminBlazor.Test.csproj", "{778945BC-94FF-41CB-974C-97349130FA7B}"
EndProject
Project("{FAE04EC0-301F-11D3-BF4B-00C04F79EFBC}") = "BootstrapBlazorApp2.Server", "BootstrapBlazorApp2\BootstrapBlazorApp2.Server\BootstrapBlazorApp2.Server.csproj", "{0EB0F0DF-33D0-489D-9EED-097EFDA5A05C}"
EndProject
Global
	GlobalSection(SolutionConfigurationPlatforms) = preSolution
		Debug|Any CPU = Debug|Any CPU
		Release|Any CPU = Release|Any CPU
	EndGlobalSection
	GlobalSection(ProjectConfigurationPlatforms) = postSolution
		{97D2371E-5866-426C-A0EB-AC8A8639CD26}.Debug|Any CPU.ActiveCfg = Debug|Any CPU
		{97D2371E-5866-426C-A0EB-AC8A8639CD26}.Debug|Any CPU.Build.0 = Debug|Any CPU
		{97D2371E-5866-426C-A0EB-AC8A8639CD26}.Release|Any CPU.ActiveCfg = Release|Any CPU
		{97D2371E-5866-426C-A0EB-AC8A8639CD26}.Release|Any CPU.Build.0 = Release|Any CPU
		{47999FD2-711D-48CB-A6F9-EF10EFEDC218}.Debug|Any CPU.ActiveCfg = Debug|Any CPU
		{47999FD2-711D-48CB-A6F9-EF10EFEDC218}.Debug|Any CPU.Build.0 = Debug|Any CPU
		{47999FD2-711D-48CB-A6F9-EF10EFEDC218}.Release|Any CPU.ActiveCfg = Release|Any CPU
		{47999FD2-711D-48CB-A6F9-EF10EFEDC218}.Release|Any CPU.Build.0 = Release|Any CPU
		{778945BC-94FF-41CB-974C-97349130FA7B}.Debug|Any CPU.ActiveCfg = Debug|Any CPU
		{778945BC-94FF-41CB-974C-97349130FA7B}.Debug|Any CPU.Build.0 = Debug|Any CPU
		{778945BC-94FF-41CB-974C-97349130FA7B}.Release|Any CPU.ActiveCfg = Release|Any CPU
		{778945BC-94FF-41CB-974C-97349130FA7B}.Release|Any CPU.Build.0 = Release|Any CPU
		{0EB0F0DF-33D0-489D-9EED-097EFDA5A05C}.Debug|Any CPU.ActiveCfg = Debug|Any CPU
		{0EB0F0DF-33D0-489D-9EED-097EFDA5A05C}.Debug|Any CPU.Build.0 = Debug|Any CPU
		{0EB0F0DF-33D0-489D-9EED-097EFDA5A05C}.Release|Any CPU.ActiveCfg = Release|Any CPU
		{0EB0F0DF-33D0-489D-9EED-097EFDA5A05C}.Release|Any CPU.Build.0 = Release|Any CPU
	EndGlobalSection
	GlobalSection(SolutionProperties) = preSolution
		HideSolutionNode = FALSE
	EndGlobalSection
	GlobalSection(ExtensibilityGlobals) = postSolution
		SolutionGuid = {41DACF97-6415-45C5-8CF1-9139D122165F}
	EndGlobalSection
EndGlobal
